
Microsoft Visual Studio Solution File, Format Version 12.00
# Visual Studio Version 17
VisualStudioVersion = 17.10.35004.147
MinimumVisualStudioVersion = 10.0.40219.1
Project("{9A19103F-16F7-4668-BE54-9A1E7A4F7556}") = "ChaudronNoir", "ChaudronNoir.csproj", "{37E45FD9-477E-4041-ABB7-2B414822F09E}"
EndProject
Global
	GlobalSection(SolutionConfigurationPlatforms) = preSolution
		Debug|Any CPU = Debug|Any CPU
		Release|Any CPU = Release|Any CPU
	EndGlobalSection
	GlobalSection(ProjectConfigurationPlatforms) = postSolution
		{37E45FD9-477E-4041-ABB7-2B414822F09E}.Debug|Any CPU.ActiveCfg = Debug|Any CPU
		{37E45FD9-477E-4041-ABB7-2B414822F09E}.Debug|Any CPU.Build.0 = Debug|Any CPU
		{37E45FD9-477E-4041-ABB7-2B414822F09E}.Debug|Any CPU.Deploy.0 = Debug|Any CPU
		{37E45FD9-477E-4041-ABB7-2B414822F09E}.Release|Any CPU.ActiveCfg = Release|Any CPU
		{37E45FD9-477E-4041-ABB7-2B414822F09E}.Release|Any CPU.Build.0 = Release|Any CPU
		{37E45FD9-477E-4041-ABB7-2B414822F09E}.Release|Any CPU.Deploy.0 = Release|Any CPU
	EndGlobalSection
	GlobalSection(SolutionProperties) = preSolution
		HideSolutionNode = FALSE
	EndGlobalSection
	GlobalSection(ExtensibilityGlobals) = postSolution
		SolutionGuid = {48FF3625-5712-46FA-AA41-B9AA873DC2D2}
	EndGlobalSection
EndGlobal
